
Microsoft Visual Studio Solution File, Format Version 12.00
# Visual Studio Version 16
VisualStudioVersion = 16.0.32126.315
MinimumVisualStudioVersion = 10.0.40219.1
Project("{FAE04EC0-301F-11D3-BF4B-00C04F79EFBC}") = "TestApp", "TestApp\TestApp.csproj", "{C6C29D2A-8541-481C-8EAD-FF1000FCA601}"
EndProject
Global
	GlobalSection(SolutionConfigurationPlatforms) = preSolution
		Debug|Any CPU = Debug|Any CPU
		Release|Any CPU = Release|Any CPU
	EndGlobalSection
	GlobalSection(ProjectConfigurationPlatforms) = postSolution
		{C6C29D2A-8541-481C-8EAD-FF1000FCA601}.Debug|Any CPU.ActiveCfg = Debug|Any CPU
		{C6C29D2A-8541-481C-8EAD-FF1000FCA601}.Debug|Any CPU.Build.0 = Debug|Any CPU
		{C6C29D2A-8541-481C-8EAD-FF1000FCA601}.Release|Any CPU.ActiveCfg = Release|Any CPU
		{C6C29D2A-8541-481C-8EAD-FF1000FCA601}.Release|Any CPU.Build.0 = Release|Any CPU
	EndGlobalSection
	GlobalSection(SolutionProperties) = preSolution
		HideSolutionNode = FALSE
	EndGlobalSection
	GlobalSection(ExtensibilityGlobals) = postSolution
		SolutionGuid = {E52DCB50-ABC7-48D3-8CB8-6C7931D522D9}
	EndGlobalSection
EndGlobal
